
Microsoft Visual Studio Solution File, Format Version 12.00
# Visual Studio Version 16
VisualStudioVersion = 16.0.30413.136
MinimumVisualStudioVersion = 10.0.40219.1
Project("{8BC9CEB8-8B4A-11D0-8D11-00A0C91BC942}") = "ProcessoPrincipal", "ProcessoPrincipal\ProcessoPrincipal.vcxproj", "{BC914613-19E7-4EC8-8ABB-732DD8C1CA58}"
EndProject
Project("{8BC9CEB8-8B4A-11D0-8D11-00A0C91BC942}") = "ExibicaoDefeito", "ExibicaoDefeito\ExibicaoDefeito.vcxproj", "{DF9BC74F-F6D2-4139-93B5-DAC5F829B832}"
EndProject
Project("{8BC9CEB8-8B4A-11D0-8D11-00A0C91BC942}") = "ExibeDados", "ExibeDados\ExibeDados.vcxproj", "{A0EF3C4A-4CBD-429F-8AE5-EF426F84EB3B}"
EndProject
Global
	GlobalSection(SolutionConfigurationPlatforms) = preSolution
		Debug|Win32 = Debug|Win32
		Debug|x64 = Debug|x64
		Debug|x86 = Debug|x86
		Release|Win32 = Release|Win32
		Release|x64 = Release|x64
		Release|x86 = Release|x86
	EndGlobalSection
	GlobalSection(ProjectConfigurationPlatforms) = postSolution
		{BC914613-19E7-4EC8-8ABB-732DD8C1CA58}.Debug|Win32.ActiveCfg = Debug|x64
		{BC914613-19E7-4EC8-8ABB-732DD8C1CA58}.Debug|Win32.Build.0 = Debug|x64
		{BC914613-19E7-4EC8-8ABB-732DD8C1CA58}.Debug|x64.ActiveCfg = Debug|Win32
		{BC914613-19E7-4EC8-8ABB-732DD8C1CA58}.Debug|x64.Build.0 = Debug|Win32
		{BC914613-19E7-4EC8-8ABB-732DD8C1CA58}.Debug|x86.ActiveCfg = Debug|Win32
		{BC914613-19E7-4EC8-8ABB-732DD8C1CA58}.Debug|x86.Build.0 = Debug|Win32
		{BC914613-19E7-4EC8-8ABB-732DD8C1CA58}.Release|Win32.ActiveCfg = Release|Win32
		{BC914613-19E7-4EC8-8ABB-732DD8C1CA58}.Release|Win32.Build.0 = Release|Win32
		{BC914613-19E7-4EC8-8ABB-732DD8C1CA58}.Release|x64.ActiveCfg = Release|x64
		{BC914613-19E7-4EC8-8ABB-732DD8C1CA58}.Release|x64.Build.0 = Release|x64
		{BC914613-19E7-4EC8-8ABB-732DD8C1CA58}.Release|x86.ActiveCfg = Release|Win32
		{BC914613-19E7-4EC8-8ABB-732DD8C1CA58}.Release|x86.Build.0 = Release|Win32
		{DF9BC74F-F6D2-4139-93B5-DAC5F829B832}.Debug|Win32.ActiveCfg = Debug|x64
		{DF9BC74F-F6D2-4139-93B5-DAC5F829B832}.Debug|Win32.Build.0 = Debug|x64
		{DF9BC74F-F6D2-4139-93B5-DAC5F829B832}.Debug|x64.ActiveCfg = Debug|Win32
		{DF9BC74F-F6D2-4139-93B5-DAC5F829B832}.Debug|x64.Build.0 = Debug|Win32
		{DF9BC74F-F6D2-4139-93B5-DAC5F829B832}.Debug|x86.ActiveCfg = Debug|Win32
		{DF9BC74F-F6D2-4139-93B5-DAC5F829B832}.Debug|x86.Build.0 = Debug|Win32
		{DF9BC74F-F6D2-4139-93B5-DAC5F829B832}.Release|Win32.ActiveCfg = Release|Win32
		{DF9BC74F-F6D2-4139-93B5-DAC5F829B832}.Release|Win32.Build.0 = Release|Win32
		{DF9BC74F-F6D2-4139-93B5-DAC5F829B832}.Release|x64.ActiveCfg = Release|x64
		{DF9BC74F-F6D2-4139-93B5-DAC5F829B832}.Release|x64.Build.0 = Release|x64
		{DF9BC74F-F6D2-4139-93B5-DAC5F829B832}.Release|x86.ActiveCfg = Release|Win32
		{DF9BC74F-F6D2-4139-93B5-DAC5F829B832}.Release|x86.Build.0 = Release|Win32
		{A0EF3C4A-4CBD-429F-8AE5-EF426F84EB3B}.Debug|Win32.ActiveCfg = Debug|x64
		{A0EF3C4A-4CBD-429F-8AE5-EF426F84EB3B}.Debug|Win32.Build.0 = Debug|x64
		{A0EF3C4A-4CBD-429F-8AE5-EF426F84EB3B}.Debug|x64.ActiveCfg = Debug|Win32
		{A0EF3C4A-4CBD-429F-8AE5-EF426F84EB3B}.Debug|x64.Build.0 = Debug|Win32
		{A0EF3C4A-4CBD-429F-8AE5-EF426F84EB3B}.Debug|x86.ActiveCfg = Debug|Win32
		{A0EF3C4A-4CBD-429F-8AE5-EF426F84EB3B}.Debug|x86.Build.0 = Debug|Win32
		{A0EF3C4A-4CBD-429F-8AE5-EF426F84EB3B}.Release|Win32.ActiveCfg = Release|Win32
		{A0EF3C4A-4CBD-429F-8AE5-EF426F84EB3B}.Release|Win32.Build.0 = Release|Win32
		{A0EF3C4A-4CBD-429F-8AE5-EF426F84EB3B}.Release|x64.ActiveCfg = Release|x64
		{A0EF3C4A-4CBD-429F-8AE5-EF426F84EB3B}.Release|x64.Build.0 = Release|x64
		{A0EF3C4A-4CBD-429F-8AE5-EF426F84EB3B}.Release|x86.ActiveCfg = Release|Win32
		{A0EF3C4A-4CBD-429F-8AE5-EF426F84EB3B}.Release|x86.Build.0 = Release|Win32
	EndGlobalSection
	GlobalSection(SolutionProperties) = preSolution
		HideSolutionNode = FALSE
	EndGlobalSection
	GlobalSection(ExtensibilityGlobals) = postSolution
		SolutionGuid = {1F553E3C-FDEF-4F90-A1C3-F7464E9996EA}
	EndGlobalSection
EndGlobal
